{
  "name": "trellobot",
  "version": "1.0.0",
  "lockfileVersion": 1,
  "dependencies": {
    "async-limiter": {
      "version": "1.0.0",
      "resolved": "https://registry.npmjs.org/async-limiter/-/async-limiter-1.0.0.tgz",
      "integrity": "sha512-jp/uFnooOiO+L211eZOoSyzpOITMXx1rBITauYykG3BRYPu8h0UcxsPNB04RR5vo4Tyz3+ay17tR6JVf9qzYWg=="
    },
    "coffee-script": {
      "version": "1.3.2",
      "resolved": "https://registry.npmjs.org/coffee-script/-/coffee-script-1.3.2.tgz",
      "integrity": "sha1-Lg0rgjQiB3sPXLDKXJuSTUytB1g="
    },
    "discord.js": {
      "version": "11.3.2",
      "resolved": "https://registry.npmjs.org/discord.js/-/discord.js-11.3.2.tgz",
      "integrity": "sha512-Abw9CTMX3Jb47IeRffqx2VNSnXl/OsTdQzhvbw/JnqCyqc2imAocc7pX2HoRmgKd8CgSqsjBFBneusz/E16e6A=="
    },
    "extend": {
      "version": "1.3.0",
      "resolved": "https://registry.npmjs.org/extend/-/extend-1.3.0.tgz",
      "integrity": "sha1-0VFvsP9WJNLr+RI+odrFoZlABPg="
    },
    "long": {
      "version": "4.0.0",
      "resolved": "https://registry.npmjs.org/long/-/long-4.0.0.tgz",
      "integrity": "sha512-XsP+KhQif4bjX1kbuSiySJFNAehNxgLb6hPRGJ9QsUr8ajHkuXGdrHmFUTUUXhDwVX2R5bY4JNZEwbUiMhV+MA=="
    },
    "node-trello": {
      "version": "0.1.5",
      "resolved": "https://registry.npmjs.org/node-trello/-/node-trello-0.1.5.tgz",
      "integrity": "sha1-rGWDVYn7iXLTS6nJXbKLcnoYNpQ="
    },
    "oauth": {
      "version": "0.9.7",
      "resolved": "https://registry.npmjs.org/oauth/-/oauth-0.9.7.tgz",
      "integrity": "sha1-wlVNA2jJZuswUL7JZYRiVXetHs0="
    },
    "prism-media": {
      "version": "0.0.2",
      "resolved": "https://registry.npmjs.org/prism-media/-/prism-media-0.0.2.tgz",
      "integrity": "sha512-L6yc8P5NVG35ivzvfI7bcTYzqFV+K8gTfX9YaJbmIFfMXTs71RMnAupvTQPTCteGsiOy9QcNLkQyWjAafY/hCQ=="
    },
    "request": {
      "version": "2.12.0",
      "resolved": "https://registry.npmjs.org/request/-/request-2.12.0.tgz",
      "integrity": "sha1-EfRvILPQ9ISMY4OZHIB5CvFsjkg=",
      "dependencies": {
        "form-data": {
          "version": "0.0.3",
          "bundled": true,
          "dependencies": {
            "async": {
              "version": "0.1.9",
              "bundled": true
            },
            "combined-stream": {
              "version": "0.0.3",
              "bundled": true,
              "dependencies": {
                "delayed-stream": {
                  "version": "0.0.5",
                  "bundled": true
                }
              }
            }
          }
        },
        "mime": {
          "version": "1.2.7",
          "bundled": true
        }
      }
    },
    "safe-buffer": {
      "version": "5.1.2",
      "resolved": "https://registry.npmjs.org/safe-buffer/-/safe-buffer-5.1.2.tgz",
      "integrity": "sha512-Gd2UZBJDkXlY7GbJxfsE8/nvKkUEU1G38c1siN6QP6a9PT9MmHB8GnpscSmMJSoF8LOIrt8ud/wPtojys4G6+g=="
    },
    "snekfetch": {
      "version": "3.6.4",
      "resolved": "https://registry.npmjs.org/snekfetch/-/snekfetch-3.6.4.tgz",
      "integrity": "sha512-NjxjITIj04Ffqid5lqr7XdgwM7X61c/Dns073Ly170bPQHLm6jkmelye/eglS++1nfTWktpP6Y2bFXjdPlQqdw=="
    },
    "trello-events": {
      "version": "0.1.6",
      "resolved": "https://registry.npmjs.org/trello-events/-/trello-events-0.1.6.tgz",
      "integrity": "sha1-hDQckGPU4SDHq0uwbXkT1/vGl9o="
    },
    "tweetnacl": {
      "version": "1.0.0",
      "resolved": "https://registry.npmjs.org/tweetnacl/-/tweetnacl-1.0.0.tgz",
      "integrity": "sha1-cT2LgY2kIGh0C/aDhtBHnmb8ins="
    },
    "ws": {
      "version": "4.1.0",
      "resolved": "https://registry.npmjs.org/ws/-/ws-4.1.0.tgz",
      "integrity": "sha512-ZGh/8kF9rrRNffkLFV4AzhvooEclrOH0xaugmqGsIfFgOE/pIz4fMc4Ef+5HSQqTEug2S9JZIWDR47duDSLfaA=="
    }
  }
}
